
Microsoft Visual Studio Solution File, Format Version 12.00
# Visual Studio Version 17
VisualStudioVersion = 17.14.36518.9
MinimumVisualStudioVersion = 10.0.40219.1
Project("{2150E333-8FDC-42A3-9474-1A3956D46DE8}") = "Bootstrapper", "Bootstrapper", "{02EA681E-C7D8-13C7-8484-4AC65E1B71E8}"
EndProject
Project("{2150E333-8FDC-42A3-9474-1A3956D46DE8}") = "Modules", "Modules", "{FBE3B2A3-9C3B-41AF-B2E6-A153B7F5650B}"
EndProject
Project("{2150E333-8FDC-42A3-9474-1A3956D46DE8}") = "Shared", "Shared", "{D64A4D71-D37F-4084-9DD9-3FBFFC931848}"
EndProject
Project("{FAE04EC0-301F-11D3-BF4B-00C04F79EFBC}") = "Api", "Bootstrapper\Api\Api.csproj", "{802EAAE6-858A-4D40-B395-1B56AD23F570}"
EndProject
Project("{2150E333-8FDC-42A3-9474-1A3956D46DE8}") = "Catalog", "Catalog", "{02946435-C720-4976-B909-0CEE52E70276}"
EndProject
Project("{2150E333-8FDC-42A3-9474-1A3956D46DE8}") = "Ordering", "Ordering", "{759E551D-F037-477B-A523-EC93AEB24A4A}"
EndProject
Project("{2150E333-8FDC-42A3-9474-1A3956D46DE8}") = "Basket", "Basket", "{678152A5-C5D6-4668-B086-D97A6C1FF4F3}"
EndProject
Project("{FAE04EC0-301F-11D3-BF4B-00C04F79EFBC}") = "Basket", "Modules\Basket\Basket\Basket.csproj", "{9B6A900A-587B-4326-B383-D1659AABD97E}"
EndProject
Project("{FAE04EC0-301F-11D3-BF4B-00C04F79EFBC}") = "Catalog", "Modules\Catalog\Catalog\Catalog.csproj", "{597F9E10-A137-4B7A-AEAC-C597F81776D7}"
EndProject
Project("{FAE04EC0-301F-11D3-BF4B-00C04F79EFBC}") = "Ordering", "Modules\ordering\Ordering\Ordering.csproj", "{2D504479-9316-44EF-BC29-643EC0622B8E}"
EndProject
Project("{FAE04EC0-301F-11D3-BF4B-00C04F79EFBC}") = "Shared", "Shared\Shared\Shared.csproj", "{BF2D17FD-7B2A-4382-919C-B32678B6893E}"
EndProject
Project("{E53339B2-1760-4266-BCC7-CA923CBCF16C}") = "docker-compose", "docker-compose.dcproj", "{81DDED9D-158B-E303-5F62-77A2896D2A5A}"
EndProject
Project("{FAE04EC0-301F-11D3-BF4B-00C04F79EFBC}") = "Catalog.Contracts", "..\Catalog.Contracts\Catalog.Contracts.csproj", "{FA08F405-FE05-4243-B6FB-E2505024D4DE}"
EndProject
Project("{FAE04EC0-301F-11D3-BF4B-00C04F79EFBC}") = "Shared.Contracts", "..\Shared.Contracts\Shared.Contracts.csproj", "{0962C82E-388A-435D-A26E-1F25C0B8A986}"
EndProject
Global
	GlobalSection(SolutionConfigurationPlatforms) = preSolution
		Debug|Any CPU = Debug|Any CPU
		Release|Any CPU = Release|Any CPU
	EndGlobalSection
	GlobalSection(ProjectConfigurationPlatforms) = postSolution
		{802EAAE6-858A-4D40-B395-1B56AD23F570}.Debug|Any CPU.ActiveCfg = Debug|Any CPU
		{802EAAE6-858A-4D40-B395-1B56AD23F570}.Debug|Any CPU.Build.0 = Debug|Any CPU
		{802EAAE6-858A-4D40-B395-1B56AD23F570}.Release|Any CPU.ActiveCfg = Release|Any CPU
		{802EAAE6-858A-4D40-B395-1B56AD23F570}.Release|Any CPU.Build.0 = Release|Any CPU
		{9B6A900A-587B-4326-B383-D1659AABD97E}.Debug|Any CPU.ActiveCfg = Debug|Any CPU
		{9B6A900A-587B-4326-B383-D1659AABD97E}.Debug|Any CPU.Build.0 = Debug|Any CPU
		{9B6A900A-587B-4326-B383-D1659AABD97E}.Release|Any CPU.ActiveCfg = Release|Any CPU
		{9B6A900A-587B-4326-B383-D1659AABD97E}.Release|Any CPU.Build.0 = Release|Any CPU
		{597F9E10-A137-4B7A-AEAC-C597F81776D7}.Debug|Any CPU.ActiveCfg = Debug|Any CPU
		{597F9E10-A137-4B7A-AEAC-C597F81776D7}.Debug|Any CPU.Build.0 = Debug|Any CPU
		{597F9E10-A137-4B7A-AEAC-C597F81776D7}.Release|Any CPU.ActiveCfg = Release|Any CPU
		{597F9E10-A137-4B7A-AEAC-C597F81776D7}.Release|Any CPU.Build.0 = Release|Any CPU
		{2D504479-9316-44EF-BC29-643EC0622B8E}.Debug|Any CPU.ActiveCfg = Debug|Any CPU
		{2D504479-9316-44EF-BC29-643EC0622B8E}.Debug|Any CPU.Build.0 = Debug|Any CPU
		{2D504479-9316-44EF-BC29-643EC0622B8E}.Release|Any CPU.ActiveCfg = Release|Any CPU
		{2D504479-9316-44EF-BC29-643EC0622B8E}.Release|Any CPU.Build.0 = Release|Any CPU
		{BF2D17FD-7B2A-4382-919C-B32678B6893E}.Debug|Any CPU.ActiveCfg = Debug|Any CPU
		{BF2D17FD-7B2A-4382-919C-B32678B6893E}.Debug|Any CPU.Build.0 = Debug|Any CPU
		{BF2D17FD-7B2A-4382-919C-B32678B6893E}.Release|Any CPU.ActiveCfg = Release|Any CPU
		{BF2D17FD-7B2A-4382-919C-B32678B6893E}.Release|Any CPU.Build.0 = Release|Any CPU
		{81DDED9D-158B-E303-5F62-77A2896D2A5A}.Debug|Any CPU.ActiveCfg = Debug|Any CPU
		{81DDED9D-158B-E303-5F62-77A2896D2A5A}.Debug|Any CPU.Build.0 = Debug|Any CPU
		{81DDED9D-158B-E303-5F62-77A2896D2A5A}.Release|Any CPU.ActiveCfg = Release|Any CPU
		{81DDED9D-158B-E303-5F62-77A2896D2A5A}.Release|Any CPU.Build.0 = Release|Any CPU
		{FA08F405-FE05-4243-B6FB-E2505024D4DE}.Debug|Any CPU.ActiveCfg = Debug|Any CPU
		{FA08F405-FE05-4243-B6FB-E2505024D4DE}.Debug|Any CPU.Build.0 = Debug|Any CPU
		{FA08F405-FE05-4243-B6FB-E2505024D4DE}.Release|Any CPU.ActiveCfg = Release|Any CPU
		{FA08F405-FE05-4243-B6FB-E2505024D4DE}.Release|Any CPU.Build.0 = Release|Any CPU
		{0962C82E-388A-435D-A26E-1F25C0B8A986}.Debug|Any CPU.ActiveCfg = Debug|Any CPU
		{0962C82E-388A-435D-A26E-1F25C0B8A986}.Debug|Any CPU.Build.0 = Debug|Any CPU
		{0962C82E-388A-435D-A26E-1F25C0B8A986}.Release|Any CPU.ActiveCfg = Release|Any CPU
		{0962C82E-388A-435D-A26E-1F25C0B8A986}.Release|Any CPU.Build.0 = Release|Any CPU
	EndGlobalSection
	GlobalSection(SolutionProperties) = preSolution
		HideSolutionNode = FALSE
	EndGlobalSection
	GlobalSection(NestedProjects) = preSolution
		{802EAAE6-858A-4D40-B395-1B56AD23F570} = {02EA681E-C7D8-13C7-8484-4AC65E1B71E8}
		{02946435-C720-4976-B909-0CEE52E70276} = {FBE3B2A3-9C3B-41AF-B2E6-A153B7F5650B}
		{759E551D-F037-477B-A523-EC93AEB24A4A} = {FBE3B2A3-9C3B-41AF-B2E6-A153B7F5650B}
		{678152A5-C5D6-4668-B086-D97A6C1FF4F3} = {FBE3B2A3-9C3B-41AF-B2E6-A153B7F5650B}
		{9B6A900A-587B-4326-B383-D1659AABD97E} = {678152A5-C5D6-4668-B086-D97A6C1FF4F3}
		{597F9E10-A137-4B7A-AEAC-C597F81776D7} = {02946435-C720-4976-B909-0CEE52E70276}
		{2D504479-9316-44EF-BC29-643EC0622B8E} = {759E551D-F037-477B-A523-EC93AEB24A4A}
		{BF2D17FD-7B2A-4382-919C-B32678B6893E} = {D64A4D71-D37F-4084-9DD9-3FBFFC931848}
		{FA08F405-FE05-4243-B6FB-E2505024D4DE} = {02946435-C720-4976-B909-0CEE52E70276}
		{0962C82E-388A-435D-A26E-1F25C0B8A986} = {D64A4D71-D37F-4084-9DD9-3FBFFC931848}
	EndGlobalSection
	GlobalSection(ExtensibilityGlobals) = postSolution
		SolutionGuid = {93EF4A22-105C-4F09-A605-BFB708B54E05}
	EndGlobalSection
EndGlobal
